
Microsoft Visual Studio Solution File, Format Version 12.00
# Visual Studio Version 17
VisualStudioVersion = 17.11.35208.52
MinimumVisualStudioVersion = 10.0.40219.1
Project("{FAE04EC0-301F-11D3-BF4B-00C04F79EFBC}") = "ConsoleApp.OutputDemo", "ConsoleApp.OutputDemo\ConsoleApp.OutputDemo.csproj", "{6462B82A-DDB3-4485-A70F-63BBFA4B3F94}"
EndProject
Project("{FAE04EC0-301F-11D3-BF4B-00C04F79EFBC}") = "ConsoleApp.VariablesDemo", "ConsoleApp.VariablesDemo\ConsoleApp.VariablesDemo.csproj", "{9F01084B-6127-4824-89A5-70AFAE082B34}"
EndProject
Project("{FAE04EC0-301F-11D3-BF4B-00C04F79EFBC}") = "ConsoleApp.UserInputDemo", "ConsoleApp.UserInputDemo\ConsoleApp.UserInputDemo.csproj", "{7218D494-CA49-459B-8DB1-AE678EB27E01}"
EndProject
Global
	GlobalSection(SolutionConfigurationPlatforms) = preSolution
		Debug|Any CPU = Debug|Any CPU
		Release|Any CPU = Release|Any CPU
	EndGlobalSection
	GlobalSection(ProjectConfigurationPlatforms) = postSolution
		{6462B82A-DDB3-4485-A70F-63BBFA4B3F94}.Debug|Any CPU.ActiveCfg = Debug|Any CPU
		{6462B82A-DDB3-4485-A70F-63BBFA4B3F94}.Debug|Any CPU.Build.0 = Debug|Any CPU
		{6462B82A-DDB3-4485-A70F-63BBFA4B3F94}.Release|Any CPU.ActiveCfg = Release|Any CPU
		{6462B82A-DDB3-4485-A70F-63BBFA4B3F94}.Release|Any CPU.Build.0 = Release|Any CPU
		{9F01084B-6127-4824-89A5-70AFAE082B34}.Debug|Any CPU.ActiveCfg = Debug|Any CPU
		{9F01084B-6127-4824-89A5-70AFAE082B34}.Debug|Any CPU.Build.0 = Debug|Any CPU
		{9F01084B-6127-4824-89A5-70AFAE082B34}.Release|Any CPU.ActiveCfg = Release|Any CPU
		{9F01084B-6127-4824-89A5-70AFAE082B34}.Release|Any CPU.Build.0 = Release|Any CPU
		{7218D494-CA49-459B-8DB1-AE678EB27E01}.Debug|Any CPU.ActiveCfg = Debug|Any CPU
		{7218D494-CA49-459B-8DB1-AE678EB27E01}.Debug|Any CPU.Build.0 = Debug|Any CPU
		{7218D494-CA49-459B-8DB1-AE678EB27E01}.Release|Any CPU.ActiveCfg = Release|Any CPU
		{7218D494-CA49-459B-8DB1-AE678EB27E01}.Release|Any CPU.Build.0 = Release|Any CPU
	EndGlobalSection
	GlobalSection(SolutionProperties) = preSolution
		HideSolutionNode = FALSE
	EndGlobalSection
	GlobalSection(ExtensibilityGlobals) = postSolution
		SolutionGuid = {465900C7-4358-4E5E-8C45-777E68A61C37}
	EndGlobalSection
EndGlobal
